lxml==6.1.1 \
    --hash=sha256:09dd5b7075dc2f7709654a46543ba1ea3c2e217b2ed8fbd413a8a945a0f40f60 \
    --hash=sha256:104c09bda8d2a562824c0e319d0768ce26a779b7601e0931d33b09b53c392ef7 \
    --hash=sha256:25c6997a9a534e016695a0ba06b2f07945de682731ff01065b6d5a4474179da1 \
    --hash=sha256:26e6eda8d38c1fcab1090dd196ee87cbd13788e531937610e2589085de074e77 \
    --hash=sha256:34c2d737beabfe35baada43941ed519251e9a12e779031496bcd5d539fcfd730 \
    --hash=sha256:3abf332af33a74288675d936fe861fd4344da0dd6622193fbc4f2bfbb35536b5 \
    --hash=sha256:441dd227fa0690eb9fc81edabc63cdcefc212bba99b906dcf6e32cc1a9d3e533 \
    --hash=sha256:53b7d2b7a10b1c35c0a5e21e9224accf60c1bbfba523990732e521b2b73adef2 \
    --hash=sha256:556e94a63c9b04716f8e4de2abb65775061f846e89331b6c5be79183a24f98ea \
    --hash=sha256:5c6bf403fbb3b3e348a561a5f4f0b9961835657981c802a1df03653eef8a9074 \
    --hash=sha256:68a9198d0fc122d14bb76837de9aa80cf84caed990b5b237f532ed87d3706736 \
    --hash=sha256:7d47866cb32fb503450b6edc9df355d10dc49836af2e89901bd6ac6b0896d9d9 \
    --hash=sha256:83b6b30eb131da7a75b601f28c5d6971e6ed3e887919bf6b6a1ad3c2df289080 \
    --hash=sha256:a10bd2fd62e8ce916ececb342f348f190724a098c1faa056fdfb2a22ad5e8660 \
    --hash=sha256:a4bbea04c97f6d78a48e3fbc1cb9116d2780b1b39e03a23f6eb9b603fd61f510 \
    --hash=sha256:abbefa31eee84842140f67acef1c828e28bba8bbf0c3bc6e5492a9af88152c28 \
    --hash=sha256:c921ba5c51e4e9f63b8b00267d06566e1f63407408a0496da2d1d0bfc819c7fc \
    --hash=sha256:c9f79d5325907f13e1be0b3e4dacc1049d1dffc4aeee3c995284bea5fe0fab7d \
    --hash=sha256:db1d75f6617a49c1c01bc7023713e0ff59ab32c9579ae62a7674c0e34f3b0b0a \
    --hash=sha256:eb7c9811bfaa8b1ed5ed319f5d370dfbcaa59d52ea64be2a5a85e18195930354 \
    --hash=sha256:54a7f95e4de5fb94e2f9f4b9055c6ba33bf3d628fd77a1d647c5923caa2cdcdc \
    --hash=sha256:762ff394d5bd56da0cf034a23dcce4e13923f15321a2adfa2ac00201dc6d3fca \
    --hash=sha256:e07c65f443c887bbcf31cc1771d932ecc192a5273943589b3c7572b749f1ffb2 \
    --hash=sha256:f6ac4ef4d82dff54670227a69c67782ae0b811b5cf6b17954f1e8f7502fc0d1d \
    --hash=sha256:ff3f333630ab480244a1bff72043e511a91eb22e7595dead8653ee5612dd8f3d
Pillow==11.3.0 \
    --hash=sha256:1b9c17fd4ace828b3003dfd1e30bff24863e0eb59b535e8f80194d9cc7ecf860 \
    --hash=sha256:65dc69160114cdd0ca0f35cb434633c75e8e7fad4cf855177a05bf38678f73ad \
    --hash=sha256:7107195ddc914f656c7fc8e4a5e1c25f32e9236ea3ea860f257b0436011fddd0 \
    --hash=sha256:cc3e831b563b3114baac7ec2ee86819eb03caa1a2cef0b481a5675b59c4fe23b \
    --hash=sha256:19d2ff547c75b8e3ff46f4d9ef969a06c30ab2d4263a9e287733aa8b2429ce8f \
    --hash=sha256:1cd110edf822773368b396281a2293aeb91c90a2db00d78ea43e7e861631b722 \
    --hash=sha256:9c412fddd1b77a75aa904615ebaa6001f169b26fd467b4be93aded278266b288 \
    --hash=sha256:7d1aa4de119a0ecac0a34a9c8bde33f34022e2e8f99104e47a3ca392fd60e37d \
    --hash=sha256:91da1d88226663594e3f6b4b8c3c8d85bd504117d043740a8e0ec449087cc494 \
    --hash=sha256:1a992e86b0dd7aeb1f053cd506508c0999d710a8f07b4c791c63843fc6a807ac \
    --hash=sha256:fdae223722da47b024b867c1ea0be64e0df702c5e0a60e27daad39bf960dd1e4 \
    --hash=sha256:921bd305b10e82b4d1f5e802b6850677f965d8394203d182f078873851dada69 \
    --hash=sha256:eb76541cba2f958032d79d143b98a3a6b3ea87f0959bbe256c0b5e416599fd5d \
    --hash=sha256:67172f2944ebba3d4a7b54f2e95c786a3a50c21b88456329314caaa28cda70f6 \
    --hash=sha256:a6444696fce635783440b7f7a9fc24b3ad10a9ea3f0ab66c5905be1c19ccf17d \
    --hash=sha256:ec1ee50470b0d050984394423d96325b744d55c701a439d2bd66089bff963d3c \
    --hash=sha256:7db51d222548ccfd274e4572fdbf3e810a5e66b00608862f947b163e613b67dd \
    --hash=sha256:2d6fcc902a24ac74495df63faad1884282239265c6839a0a6416d33faedfae7e \
    --hash=sha256:f0f5d8f4a08090c6d6d578351a2b91acf519a54986c055af27e7a93feae6d3f1 \
    --hash=sha256:0bce5c4fd0921f99d2e858dc4d4d64193407e1b99478bc5cacecba2311abde51 \
    --hash=sha256:48d254f8a4c776de343051023eb61ffe818299eeac478da55227d96e241de53f \
    --hash=sha256:7aee118e30a4cf54fdd873bd3a29de51e29105ab11f9aad8c32123f58c8f8081 \
    --hash=sha256:23cff760a9049c502721bdb743a7cb3e03365fafcdfc2ef9784610714166e5a4 \
    --hash=sha256:6359a3bc43f57d5b375d1ad54a0074318a0844d11b76abccf478c37c986d3cfc \
    --hash=sha256:e5c5858ad8ec655450a7c7df532e9842cf8df7cc349df7225c60d5d348c8aada
python-pptx==1.0.2 \
    --hash=sha256:160838e0b8565a8b1f67947675886e9fea18aa5e795db7ae531606d68e785cba
typing-extensions==4.16.0 \
    --hash=sha256:481caa481374e813c1b176ada14e97f1f67a4539ce9cfeb3f350d78d6370c2e8
XlsxWriter==3.2.9 \
    --hash=sha256:9a5db42bc5dff014806c58a20b9eae7322a134abb6fce3c92c181bfb275ec5b3
